// !$*UTF8*$!
{
	archiveVersion = 1;
	classes = {
	};
	objectVersion = 46;
	objects = {

/* Begin PBXBuildFile section */
		3158927618BDC2DD005F3A2F /* main.cpp in Sources */ = {isa = PBXBuildFile; fileRef = 3158927518BDC2DD005F3A2F /* main.cpp */; };
		3158927818BDC2DD005F3A2F /* L01OOP.1 in CopyFiles */ = {isa = PBXBuildFile; fileRef = 3158927718BDC2DD005F3A2F /* L01OOP.1 */; };
		3158928018BDC532005F3A2F /* People.cpp in Sources */ = {isa = PBXBuildFile; fileRef = 3158927E18BDC532005F3A2F /* People.cpp */; };
/* End PBXBuildFile section */

/* Begin PBXCopyFilesBuildPhase section */
		3158927018BDC2DD005F3A2F /* CopyFiles */ = {
			isa = PBXCopyFilesBuildPhase;
			buildActionMask = 2147483647;
			dstPath = /usr/share/man/man1/;
			dstSubfolderSpec = 0;
			files = (
				3158927818BDC2DD005F3A2F /* L01OOP.1 in CopyFiles */,
			);
			runOnlyForDeploymentPostprocessing = 1;
		};
/* End PBXCopyFilesBuildPhase section */

/* Begin PBXFileReference section */
		3158927218BDC2DD005F3A2F /* L01OOP */ = {isa = PBXFileReference; explicitFileType = "compiled.mach-o.executable"; includeInIndex = 0; path = L01OOP; sourceTree = BUILT_PRODUCTS_DIR; };
		3158927518BDC2DD005F3A2F /* main.cpp */ = {isa = PBXFileReference; lastKnownFileType = sourcecode.cpp.cpp; path = main.cpp; sourceTree = "<group>"; };
		3158927718BDC2DD005F3A2F /* L01OOP.1 */ = {isa = PBXFileReference; lastKnownFileType = text.man; path = L01OOP.1; sourceTree = "<group>"; };
		3158927E18BDC532005F3A2F /* People.cpp */ = {isa = PBXFileReference; fileEncoding = 4; lastKnownFileType = sourcecode.cpp.cpp; path = People.cpp; sourceTree = "<group>"; };
		3158927F18BDC532005F3A2F /* People.h */ = {isa = PBXFileReference; fileEncoding = 4; lastKnownFileType = sourcecode.c.h; path = People.h; sourceTree = "<group>"; };
/* End PBXFileReference section */

/* Begin PBXFrameworksBuildPhase section */
		3158926F18BDC2DD005F3A2F /* Frameworks */ = {
			isa = PBXFrameworksBuildPhase;
			buildActionMask = 2147483647;
			files = (
			);
			runOnlyForDeploymentPostprocessing = 0;
		};
/* End PBXFrameworksBuildPhase section */

/* Begin PBXGroup section */
		3158926918BDC2DD005F3A2F = {
			isa = PBXGroup;
			children = (
				3158927418BDC2DD005F3A2F /* L01OOP */,
				3158927318BDC2DD005F3A2F /* Products */,
			);
			sourceTree = "<group>";
		};
		3158927318BDC2DD005F3A2F /* Products */ = {
			isa = PBXGroup;
			children = (
				3158927218BDC2DD005F3A2F /* L01OOP */,
			);
			name = Products;
			sourceTree = "<group>";
		};
		3158927418BDC2DD005F3A2F /* L01OOP */ = {
			isa = PBXGroup;
			children = (
				3158927518BDC2DD005F3A2F /* main.cpp */,
				3158927718BDC2DD005F3A2F /* L01OOP.1 */,
				3158927E18BDC532005F3A2F /* People.cpp */,
				3158927F18BDC532005F3A2F /* People.h */,
			);
			path = L01OOP;
			sourceTree = "<group>";
		};
/* End PBXGroup section */

/* Begin PBXNativeTarget section */
		3158927118BDC2DD005F3A2F /* L01OOP */ = {
			isa = PBXNativeTarget;
			buildConfigurationList = 3158927B18BDC2DD005F3A2F /* Build configuration list for PBXNativeTarget "L01OOP" */;
			buildPhases = (
				3158926E18BDC2DD005F3A2F /* Sources */,
				3158926F18BDC2DD005F3A2F /* Frameworks */,
				3158927018BDC2DD005F3A2F /* CopyFiles */,
			);
			buildRules = (
			);
			dependencies = (
			);
			name = L01OOP;
			productName = L01OOP;
			productReference = 3158927218BDC2DD005F3A2F /* L01OOP */;
			productType = "com.apple.product-type.tool";
		};
/* End PBXNativeTarget section */

/* Begin PBXProject section */
		3158926A18BDC2DD005F3A2F /* Project object */ = {
			isa = PBXProject;
			attributes = {
				LastUpgradeCheck = 0500;
				ORGANIZATIONNAME = plter;
			};
			buildConfigurationList = 3158926D18BDC2DD005F3A2F /* Build configuration list for PBXProject "L01OOP" */;
			compatibilityVersion = "Xcode 3.2";
			developmentRegion = English;
			hasScannedForEncodings = 0;
			knownRegions = (
				en,
			);
			mainGroup = 3158926918BDC2DD005F3A2F;
			productRefGroup = 3158927318BDC2DD005F3A2F /* Products */;
			projectDirPath = "";
			projectRoot = "";
			targets = (
				3158927118BDC2DD005F3A2F /* L01OOP */,
			);
		};
/* End PBXProject section */

/* Begin PBXSourcesBuildPhase section */
		3158926E18BDC2DD005F3A2F /* Sources */ = {
			isa = PBXSourcesBuildPhase;
			buildActionMask = 2147483647;
			files = (
				3158928018BDC532005F3A2F /* People.cpp in Sources */,
				3158927618BDC2DD005F3A2F /* main.cpp in Sources */,
			);
			runOnlyForDeploymentPostprocessing = 0;
		};
/* End PBXSourcesBuildPhase section */

/* Begin XCBuildConfiguration section */
		3158927918BDC2DD005F3A2F /* Debug */ = {
			isa = XCBuildConfiguration;
			buildSettings = {
				ALWAYS_SEARCH_USER_PATHS = NO;
				CLANG_CXX_LANGUAGE_STANDARD = "gnu++0x";
				CLANG_CXX_LIBRARY = "libc++";
				CLANG_ENABLE_OBJC_ARC = YES;
				CLANG_WARN_BOOL_CONVERSION = YES;
				CLANG_WARN_CONSTANT_CONVERSION = YES;
				CLANG_WARN_DIRECT_OBJC_ISA_USAGE = YES_ERROR;
				CLANG_WARN_EMPTY_BODY = YES;
				CLANG_WARN_ENUM_CONVERSION = YES;
				CLANG_WARN_INT_CONVERSION = YES;
				CLANG_WARN_OBJC_ROOT_CLASS = YES_ERROR;
				CLANG_WARN__DUPLICATE_METHOD_MATCH = YES;
				COPY_PHASE_STRIP = NO;
				GCC_C_LANGUAGE_STANDARD = gnu99;
				GCC_DYNAMIC_NO_PIC = NO;
				GCC_ENABLE_OBJC_EXCEPTIONS = YES;
				GCC_OPTIMIZATION_LEVEL = 0;
				GCC_PREPROCESSOR_DEFINITIONS = (
					"DEBUG=1",
					"$(inherited)",
				);
				GCC_SYMBOLS_PRIVATE_EXTERN = NO;
				GCC_WARN_64_TO_32_BIT_CONVERSION = YES;
				GCC_WARN_ABOUT_RETURN_TYPE = YES_ERROR;
				GCC_WARN_UNDECLARED_SELECTOR = YES;
				GCC_WARN_UNINITIALIZED_AUTOS = YES;
				GCC_WARN_UNUSED_FUNCTION = YES;
				GCC_WARN_UNUSED_VARIABLE = YES;
				MACOSX_DEPLOYMENT_TARGET = 10.9;
				ONLY_ACTIVE_ARCH = YES;
				SDKROOT = macosx;
			};
			name = Debug;
		};
		3158927A18BDC2DD005F3A2F /* Release */ = {
			isa = XCBuildConfiguration;
			buildSettings = {
				ALWAYS_SEARCH_USER_PATHS = NO;
				CLANG_CXX_LANGUAGE_STANDARD = "gnu++0x";
				CLANG_CXX_LIBRARY = "libc++";
				CLANG_ENABLE_OBJC_ARC = YES;
				CLANG_WARN_BOOL_CONVERSION = YES;
				CLANG_WARN_CONSTANT_CONVERSION = YES;
				CLANG_WARN_DIRECT_OBJC_ISA_USAGE = YES_ERROR;
				CLANG_WARN_EMPTY_BODY = YES;
				CLANG_WARN_ENUM_CONVERSION = YES;
				CLANG_WARN_INT_CONVERSION = YES;
				CLANG_WARN_OBJC_ROOT_CLASS = YES_ERROR;
				CLANG_WARN__DUPLICATE_METHOD_MATCH = YES;
				COPY_PHASE_STRIP = YES;
				DEBUG_INFORMATION_FORMAT = "dwarf-with-dsym";
				ENABLE_NS_ASSERTIONS = NO;
				GCC_C_LANGUAGE_STANDARD = gnu99;
				GCC_ENABLE_OBJC_EXCEPTIONS = YES;
				GCC_WARN_64_TO_32_BIT_CONVERSION = YES;
				GCC_WARN_ABOUT_RETURN_TYPE = YES_ERROR;
				GCC_WARN_UNDECLARED_SELECTOR = YES;
				GCC_WARN_UNINITIALIZED_AUTOS = YES;
				GCC_WARN_UNUSED_FUNCTION = YES;
				GCC_WARN_UNUSED_VARIABLE = YES;
				MACOSX_DEPLOYMENT_TARGET = 10.9;
				SDKROOT = macosx;
			};
			name = Release;
		};
		3158927C18BDC2DD005F3A2F /* Debug */ = {
			isa = XCBuildConfiguration;
			buildSettings = {
				PRODUCT_NAME = "$(TARGET_NAME)";
			};
			name = Debug;
		};
		3158927D18BDC2DD005F3A2F /* Release */ = {
			isa = XCBuildConfiguration;
			buildSettings = {
				PRODUCT_NAME = "$(TARGET_NAME)";
			};
			name = Release;
		};
/* End XCBuildConfiguration section */

/* Begin XCConfigurationList section */
		3158926D18BDC2DD005F3A2F /* Build configuration list for PBXProject "L01OOP" */ = {
			isa = XCConfigurationList;
			buildConfigurations = (
				3158927918BDC2DD005F3A2F /* Debug */,
				3158927A18BDC2DD005F3A2F /* Release */,
			);
			defaultConfigurationIsVisible = 0;
			defaultConfigurationName = Release;
		};
		3158927B18BDC2DD005F3A2F /* Build configuration list for PBXNativeTarget "L01OOP" */ = {
			isa = XCConfigurationList;
			buildConfigurations = (
				3158927C18BDC2DD005F3A2F /* Debug */,
				3158927D18BDC2DD005F3A2F /* Release */,
			);
			defaultConfigurationIsVisible = 0;
		};
/* End XCConfigurationList section */
	};
	rootObject = 3158926A18BDC2DD005F3A2F /* Project object */;
}
